
Microsoft Visual Studio Solution File, Format Version 12.00
# Visual Studio Version 16
VisualStudioVersion = 16.0.29021.104
MinimumVisualStudioVersion = 10.0.40219.1
Project("{FAE04EC0-301F-11D3-BF4B-00C04F79EFBC}") = "BlazorHosted.Server", "BlazorHosted.Server\BlazorHosted.Server.csproj", "{47B7FD87-0F2D-4CAA-A041-4F54F63B6621}"
EndProject
Project("{FAE04EC0-301F-11D3-BF4B-00C04F79EFBC}") = "BlazorHosted.Client", "BlazorHosted.Client\BlazorHosted.Client.csproj", "{C03C8CFC-DED8-4C74-B2B8-9E94A230C3DC}"
EndProject
Project("{FAE04EC0-301F-11D3-BF4B-00C04F79EFBC}") = "BlazorHosted.Shared", "BlazorHosted.Shared\BlazorHosted.Shared.csproj", "{0DDDD9D2-B2A0-4770-A171-0AC16C98CE17}"
EndProject
Global
	GlobalSection(SolutionConfigurationPlatforms) = preSolution
		Debug|Any CPU = Debug|Any CPU
		Release|Any CPU = Release|Any CPU
	EndGlobalSection
	GlobalSection(ProjectConfigurationPlatforms) = postSolution
		{47B7FD87-0F2D-4CAA-A041-4F54F63B6621}.Debug|Any CPU.ActiveCfg = Debug|Any CPU
		{47B7FD87-0F2D-4CAA-A041-4F54F63B6621}.Debug|Any CPU.Build.0 = Debug|Any CPU
		{47B7FD87-0F2D-4CAA-A041-4F54F63B6621}.Release|Any CPU.ActiveCfg = Release|Any CPU
		{47B7FD87-0F2D-4CAA-A041-4F54F63B6621}.Release|Any CPU.Build.0 = Release|Any CPU
		{C03C8CFC-DED8-4C74-B2B8-9E94A230C3DC}.Debug|Any CPU.ActiveCfg = Debug|Any CPU
		{C03C8CFC-DED8-4C74-B2B8-9E94A230C3DC}.Debug|Any CPU.Build.0 = Debug|Any CPU
		{C03C8CFC-DED8-4C74-B2B8-9E94A230C3DC}.Release|Any CPU.ActiveCfg = Release|Any CPU
		{C03C8CFC-DED8-4C74-B2B8-9E94A230C3DC}.Release|Any CPU.Build.0 = Release|Any CPU
		{0DDDD9D2-B2A0-4770-A171-0AC16C98CE17}.Debug|Any CPU.ActiveCfg = Debug|Any CPU
		{0DDDD9D2-B2A0-4770-A171-0AC16C98CE17}.Debug|Any CPU.Build.0 = Debug|Any CPU
		{0DDDD9D2-B2A0-4770-A171-0AC16C98CE17}.Release|Any CPU.ActiveCfg = Release|Any CPU
		{0DDDD9D2-B2A0-4770-A171-0AC16C98CE17}.Release|Any CPU.Build.0 = Release|Any CPU
	EndGlobalSection
	GlobalSection(SolutionProperties) = preSolution
		HideSolutionNode = FALSE
	EndGlobalSection
	GlobalSection(ExtensibilityGlobals) = postSolution
		SolutionGuid = {B87953DD-3C16-4E76-BDB0-6C4E42703D68}
	EndGlobalSection
EndGlobal
