
Microsoft Visual Studio Solution File, Format Version 12.00
# Visual Studio Version 16
VisualStudioVersion = 16.0.29021.104
MinimumVisualStudioVersion = 10.0.40219.1
Project("{9A19103F-16F7-4668-BE54-9A1E7A4F7556}") = "BlazorClientSide", "BlazorClientSide\BlazorClientSide.csproj", "{7ABA01C9-8C92-4D1E-9159-A25E9B3D91BC}"
EndProject
Global
	GlobalSection(SolutionConfigurationPlatforms) = preSolution
		Debug|Any CPU = Debug|Any CPU
		Release|Any CPU = Release|Any CPU
	EndGlobalSection
	GlobalSection(ProjectConfigurationPlatforms) = postSolution
		{7ABA01C9-8C92-4D1E-9159-A25E9B3D91BC}.Debug|Any CPU.ActiveCfg = Debug|Any CPU
		{7ABA01C9-8C92-4D1E-9159-A25E9B3D91BC}.Debug|Any CPU.Build.0 = Debug|Any CPU
		{7ABA01C9-8C92-4D1E-9159-A25E9B3D91BC}.Release|Any CPU.ActiveCfg = Release|Any CPU
		{7ABA01C9-8C92-4D1E-9159-A25E9B3D91BC}.Release|Any CPU.Build.0 = Release|Any CPU
	EndGlobalSection
	GlobalSection(SolutionProperties) = preSolution
		HideSolutionNode = FALSE
	EndGlobalSection
	GlobalSection(ExtensibilityGlobals) = postSolution
		SolutionGuid = {FAF04AF1-9DF0-4844-A0BE-D348FF9C3963}
	EndGlobalSection
EndGlobal
